
Microsoft Visual Studio Solution File, Format Version 12.00
# Visual Studio 14
VisualStudioVersion = 14.0.25420.1
MinimumVisualStudioVersion = 10.0.40219.1
Project("{FAE04EC0-301F-11D3-BF4B-00C04F79EFBC}") = "Warden.Web", "Warden.Web\Warden.Web.csproj", "{871B1B78-10B1-44EF-8518-EA637D7060A9}"
EndProject
Project("{FAE04EC0-301F-11D3-BF4B-00C04F79EFBC}") = "Warden.Business", "Warden.Business\Warden.Business.csproj", "{2E953051-187F-4E43-9F8A-EA7DC29D83D0}"
EndProject
Project("{FAE04EC0-301F-11D3-BF4B-00C04F79EFBC}") = "Warden.Search", "Warden.Search\Warden.Search.csproj", "{276C2F70-9099-4BBA-A66B-24C0EEC40C6D}"
EndProject
Project("{FAE04EC0-301F-11D3-BF4B-00C04F79EFBC}") = "Warden.DataProvider", "Warden.DataProvider\Warden.DataProvider.csproj", "{97651772-1EFE-4F59-9BA0-85CFE52822FC}"
EndProject
Project("{FAE04EC0-301F-11D3-BF4B-00C04F79EFBC}") = "Warden.ExternalDataProvider", "Warden.ExternalDataProvider\Warden.ExternalDataProvider.csproj", "{2D33D3F9-28A0-4CD0-8B13-B950896FEE4F}"
EndProject
Project("{FAE04EC0-301F-11D3-BF4B-00C04F79EFBC}") = "Warden.Core", "Warden.Core\Warden.Core.csproj", "{3AE1D6B3-DA7C-4B2F-B34E-D643214F7514}"
EndProject
Project("{FAE04EC0-301F-11D3-BF4B-00C04F79EFBC}") = "Warden.Mvc", "Warden.Mvc\Warden.Mvc.csproj", "{02BCC5D9-F50D-4407-9771-5252AAFA7EA8}"
EndProject
Global
	GlobalSection(SolutionConfigurationPlatforms) = preSolution
		Debug|Any CPU = Debug|Any CPU
		Release|Any CPU = Release|Any CPU
	EndGlobalSection
	GlobalSection(ProjectConfigurationPlatforms) = postSolution
		{871B1B78-10B1-44EF-8518-EA637D7060A9}.Debug|Any CPU.ActiveCfg = Debug|Any CPU
		{871B1B78-10B1-44EF-8518-EA637D7060A9}.Debug|Any CPU.Build.0 = Debug|Any CPU
		{871B1B78-10B1-44EF-8518-EA637D7060A9}.Release|Any CPU.ActiveCfg = Release|Any CPU
		{871B1B78-10B1-44EF-8518-EA637D7060A9}.Release|Any CPU.Build.0 = Release|Any CPU
		{2E953051-187F-4E43-9F8A-EA7DC29D83D0}.Debug|Any CPU.ActiveCfg = Debug|Any CPU
		{2E953051-187F-4E43-9F8A-EA7DC29D83D0}.Debug|Any CPU.Build.0 = Debug|Any CPU
		{2E953051-187F-4E43-9F8A-EA7DC29D83D0}.Release|Any CPU.ActiveCfg = Release|Any CPU
		{2E953051-187F-4E43-9F8A-EA7DC29D83D0}.Release|Any CPU.Build.0 = Release|Any CPU
		{276C2F70-9099-4BBA-A66B-24C0EEC40C6D}.Debug|Any CPU.ActiveCfg = Debug|Any CPU
		{276C2F70-9099-4BBA-A66B-24C0EEC40C6D}.Debug|Any CPU.Build.0 = Debug|Any CPU
		{276C2F70-9099-4BBA-A66B-24C0EEC40C6D}.Release|Any CPU.ActiveCfg = Release|Any CPU
		{276C2F70-9099-4BBA-A66B-24C0EEC40C6D}.Release|Any CPU.Build.0 = Release|Any CPU
		{97651772-1EFE-4F59-9BA0-85CFE52822FC}.Debug|Any CPU.ActiveCfg = Debug|Any CPU
		{97651772-1EFE-4F59-9BA0-85CFE52822FC}.Debug|Any CPU.Build.0 = Debug|Any CPU
		{97651772-1EFE-4F59-9BA0-85CFE52822FC}.Release|Any CPU.ActiveCfg = Release|Any CPU
		{97651772-1EFE-4F59-9BA0-85CFE52822FC}.Release|Any CPU.Build.0 = Release|Any CPU
		{2D33D3F9-28A0-4CD0-8B13-B950896FEE4F}.Debug|Any CPU.ActiveCfg = Debug|Any CPU
		{2D33D3F9-28A0-4CD0-8B13-B950896FEE4F}.Debug|Any CPU.Build.0 = Debug|Any CPU
		{2D33D3F9-28A0-4CD0-8B13-B950896FEE4F}.Release|Any CPU.ActiveCfg = Release|Any CPU
		{2D33D3F9-28A0-4CD0-8B13-B950896FEE4F}.Release|Any CPU.Build.0 = Release|Any CPU
		{3AE1D6B3-DA7C-4B2F-B34E-D643214F7514}.Debug|Any CPU.ActiveCfg = Debug|Any CPU
		{3AE1D6B3-DA7C-4B2F-B34E-D643214F7514}.Debug|Any CPU.Build.0 = Debug|Any CPU
		{3AE1D6B3-DA7C-4B2F-B34E-D643214F7514}.Release|Any CPU.ActiveCfg = Release|Any CPU
		{3AE1D6B3-DA7C-4B2F-B34E-D643214F7514}.Release|Any CPU.Build.0 = Release|Any CPU
		{02BCC5D9-F50D-4407-9771-5252AAFA7EA8}.Debug|Any CPU.ActiveCfg = Debug|Any CPU
		{02BCC5D9-F50D-4407-9771-5252AAFA7EA8}.Debug|Any CPU.Build.0 = Debug|Any CPU
		{02BCC5D9-F50D-4407-9771-5252AAFA7EA8}.Release|Any CPU.ActiveCfg = Release|Any CPU
		{02BCC5D9-F50D-4407-9771-5252AAFA7EA8}.Release|Any CPU.Build.0 = Release|Any CPU
	EndGlobalSection
	GlobalSection(SolutionProperties) = preSolution
		HideSolutionNode = FALSE
	EndGlobalSection
EndGlobal
